
Microsoft Visual Studio Solution File, Format Version 12.00
# Visual Studio Version 16
VisualStudioVersion = 16.0.29609.76
MinimumVisualStudioVersion = 10.0.40219.1
Project("{FAE04EC0-301F-11D3-BF4B-00C04F79EFBC}") = "Epam.Task 01.Library.IBLL", "Epam.Task 01.Library.AbstactBLL\Epam.Task 01.Library.IBLL.csproj", "{6DE33863-B649-4215-8159-8B1361CB7D5C}"
EndProject
Project("{FAE04EC0-301F-11D3-BF4B-00C04F79EFBC}") = "Epam.Task01.Library.IDAL", "Epam.Task01.Library.AbstractDAL\Epam.Task01.Library.IDAL.csproj", "{AF2897BC-B0CF-4120-AF17-54DED2874D53}"
EndProject
Project("{FAE04EC0-301F-11D3-BF4B-00C04F79EFBC}") = "Epam.Task01.Library.DAL", "Epam.Task01.Library.CollectionDAL\Epam.Task01.Library.DAL.csproj", "{AD260801-E40C-4C6A-8B6A-B32E36C8904D}"
EndProject
Project("{FAE04EC0-301F-11D3-BF4B-00C04F79EFBC}") = "Epam.Task01.Library.Entities", "Epam.Task01.Library.Entity\Epam.Task01.Library.Entities.csproj", "{551A846E-3895-4155-9BE2-793FE9237402}"
EndProject
Project("{FAE04EC0-301F-11D3-BF4B-00C04F79EFBC}") = "Epam.Task01.Library.ConsolePL", "Epam.Task01.Library.ConsolePL\Epam.Task01.Library.ConsolePL.csproj", "{9864A4A6-D8C5-48CB-A838-1E613C779776}"
EndProject
Project("{2150E333-8FDC-42A3-9474-1A3956D46DE8}") = "Solution Items", "Solution Items", "{FDE64DE1-EC89-4C79-9C12-7A4FE2EC9CE7}"
	ProjectSection(SolutionItems) = preProject
		.editorconfig = .editorconfig
		Settings.stylecop = Settings.stylecop
	EndProjectSection
EndProject
Project("{FAE04EC0-301F-11D3-BF4B-00C04F79EFBC}") = "Epam.Task01.Library.Common", "Epam.Task01.Library.Common\Epam.Task01.Library.Common.csproj", "{EAABACBE-1B13-457C-B906-DE032155A2CD}"
EndProject
Project("{FAE04EC0-301F-11D3-BF4B-00C04F79EFBC}") = "Epam.Task01.Library.BLL", "Epam.Task01.Library.CollectionBLL\Epam.Task01.Library.BLL.csproj", "{3006573F-D1AF-4FE6-8A27-700C128EA042}"
EndProject
Project("{FAE04EC0-301F-11D3-BF4B-00C04F79EFBC}") = "Epam.Task01.Library.UnitTests", "UnitTest\Epam.Task01.Library.UnitTests.csproj", "{1C554B87-EAB7-4FCF-8BC6-725AE66E2D0F}"
EndProject
Project("{FAE04EC0-301F-11D3-BF4B-00C04F79EFBC}") = "Epam.Task01.Library.IntegrationTests", "Epam.Task01.Library.IntegrationTests\Epam.Task01.Library.IntegrationTests.csproj", "{901D96BC-D8D7-46B5-B761-4776D461CDB7}"
EndProject
Global
	GlobalSection(SolutionConfigurationPlatforms) = preSolution
		Debug|Any CPU = Debug|Any CPU
		Release|Any CPU = Release|Any CPU
	EndGlobalSection
	GlobalSection(ProjectConfigurationPlatforms) = postSolution
		{6DE33863-B649-4215-8159-8B1361CB7D5C}.Debug|Any CPU.ActiveCfg = Debug|Any CPU
		{6DE33863-B649-4215-8159-8B1361CB7D5C}.Debug|Any CPU.Build.0 = Debug|Any CPU
		{6DE33863-B649-4215-8159-8B1361CB7D5C}.Release|Any CPU.ActiveCfg = Release|Any CPU
		{6DE33863-B649-4215-8159-8B1361CB7D5C}.Release|Any CPU.Build.0 = Release|Any CPU
		{AF2897BC-B0CF-4120-AF17-54DED2874D53}.Debug|Any CPU.ActiveCfg = Debug|Any CPU
		{AF2897BC-B0CF-4120-AF17-54DED2874D53}.Debug|Any CPU.Build.0 = Debug|Any CPU
		{AF2897BC-B0CF-4120-AF17-54DED2874D53}.Release|Any CPU.ActiveCfg = Release|Any CPU
		{AF2897BC-B0CF-4120-AF17-54DED2874D53}.Release|Any CPU.Build.0 = Release|Any CPU
		{AD260801-E40C-4C6A-8B6A-B32E36C8904D}.Debug|Any CPU.ActiveCfg = Debug|Any CPU
		{AD260801-E40C-4C6A-8B6A-B32E36C8904D}.Debug|Any CPU.Build.0 = Debug|Any CPU
		{AD260801-E40C-4C6A-8B6A-B32E36C8904D}.Release|Any CPU.ActiveCfg = Release|Any CPU
		{AD260801-E40C-4C6A-8B6A-B32E36C8904D}.Release|Any CPU.Build.0 = Release|Any CPU
		{551A846E-3895-4155-9BE2-793FE9237402}.Debug|Any CPU.ActiveCfg = Debug|Any CPU
		{551A846E-3895-4155-9BE2-793FE9237402}.Debug|Any CPU.Build.0 = Debug|Any CPU
		{551A846E-3895-4155-9BE2-793FE9237402}.Release|Any CPU.ActiveCfg = Release|Any CPU
		{551A846E-3895-4155-9BE2-793FE9237402}.Release|Any CPU.Build.0 = Release|Any CPU
		{9864A4A6-D8C5-48CB-A838-1E613C779776}.Debug|Any CPU.ActiveCfg = Debug|Any CPU
		{9864A4A6-D8C5-48CB-A838-1E613C779776}.Debug|Any CPU.Build.0 = Debug|Any CPU
		{9864A4A6-D8C5-48CB-A838-1E613C779776}.Release|Any CPU.ActiveCfg = Release|Any CPU
		{9864A4A6-D8C5-48CB-A838-1E613C779776}.Release|Any CPU.Build.0 = Release|Any CPU
		{EAABACBE-1B13-457C-B906-DE032155A2CD}.Debug|Any CPU.ActiveCfg = Debug|Any CPU
		{EAABACBE-1B13-457C-B906-DE032155A2CD}.Debug|Any CPU.Build.0 = Debug|Any CPU
		{EAABACBE-1B13-457C-B906-DE032155A2CD}.Release|Any CPU.ActiveCfg = Release|Any CPU
		{EAABACBE-1B13-457C-B906-DE032155A2CD}.Release|Any CPU.Build.0 = Release|Any CPU
		{3006573F-D1AF-4FE6-8A27-700C128EA042}.Debug|Any CPU.ActiveCfg = Debug|Any CPU
		{3006573F-D1AF-4FE6-8A27-700C128EA042}.Debug|Any CPU.Build.0 = Debug|Any CPU
		{3006573F-D1AF-4FE6-8A27-700C128EA042}.Release|Any CPU.ActiveCfg = Release|Any CPU
		{3006573F-D1AF-4FE6-8A27-700C128EA042}.Release|Any CPU.Build.0 = Release|Any CPU
		{1C554B87-EAB7-4FCF-8BC6-725AE66E2D0F}.Debug|Any CPU.ActiveCfg = Debug|Any CPU
		{1C554B87-EAB7-4FCF-8BC6-725AE66E2D0F}.Debug|Any CPU.Build.0 = Debug|Any CPU
		{1C554B87-EAB7-4FCF-8BC6-725AE66E2D0F}.Release|Any CPU.ActiveCfg = Release|Any CPU
		{1C554B87-EAB7-4FCF-8BC6-725AE66E2D0F}.Release|Any CPU.Build.0 = Release|Any CPU
		{901D96BC-D8D7-46B5-B761-4776D461CDB7}.Debug|Any CPU.ActiveCfg = Debug|Any CPU
		{901D96BC-D8D7-46B5-B761-4776D461CDB7}.Debug|Any CPU.Build.0 = Debug|Any CPU
		{901D96BC-D8D7-46B5-B761-4776D461CDB7}.Release|Any CPU.ActiveCfg = Release|Any CPU
		{901D96BC-D8D7-46B5-B761-4776D461CDB7}.Release|Any CPU.Build.0 = Release|Any CPU
	EndGlobalSection
	GlobalSection(SolutionProperties) = preSolution
		HideSolutionNode = FALSE
	EndGlobalSection
	GlobalSection(ExtensibilityGlobals) = postSolution
		SolutionGuid = {4C01503C-E35B-460D-96F9-AAFFC489080A}
	EndGlobalSection
EndGlobal
